// !$*UTF8*$!
{
	archiveVersion = 1;
	classes = {
	};
	objectVersion = 56;
	objects = {

/* Begin PBXBuildFile section */
		4B7E778D2A57CAF600C588D0 /* AppDelegate.swift in Sources */ = {isa = PBXBuildFile; fileRef = 4B7E778C2A57CAF600C588D0 /* AppDelegate.swift */; };
		4B7E778F2A57CAF600C588D0 /* SceneDelegate.swift in Sources */ = {isa = PBXBuildFile; fileRef = 4B7E778E2A57CAF600C588D0 /* SceneDelegate.swift */; };
		4B7E77912A57CAF600C588D0 /* ViewController.swift in Sources */ = {isa = PBXBuildFile; fileRef = 4B7E77902A57CAF600C588D0 /* ViewController.swift */; };
		4B7E77942A57CAF600C588D0 /* Main.storyboard in Resources */ = {isa = PBXBuildFile; fileRef = 4B7E77922A57CAF600C588D0 /* Main.storyboard */; };
		4B7E77962A57CAF700C588D0 /* Assets.xcassets in Resources */ = {isa = PBXBuildFile; fileRef = 4B7E77952A57CAF700C588D0 /* Assets.xcassets */; };
		4B7E77992A57CAF700C588D0 /* LaunchScreen.storyboard in Resources */ = {isa = PBXBuildFile; fileRef = 4B7E77972A57CAF700C588D0 /* LaunchScreen.storyboard */; };
		4B7E77A42A57CAF700C588D0 /* NewsAppTests.swift in Sources */ = {isa = PBXBuildFile; fileRef = 4B7E77A32A57CAF700C588D0 /* NewsAppTests.swift */; };
		4B7E77AE2A57CAF700C588D0 /* NewsAppUITests.swift in Sources */ = {isa = PBXBuildFile; fileRef = 4B7E77AD2A57CAF700C588D0 /* NewsAppUITests.swift */; };
		4B7E77B02A57CAF700C588D0 /* NewsAppUITestsLaunchTests.swift in Sources */ = {isa = PBXBuildFile; fileRef = 4B7E77AF2A57CAF700C588D0 /* NewsAppUITestsLaunchTests.swift */; };
		4B7E77BD2A57CDB000C588D0 /* APICaller.swift in Sources */ = {isa = PBXBuildFile; fileRef = 4B7E77BC2A57CDB000C588D0 /* APICaller.swift */; };
		4B7E77BF2A57E35100C588D0 /* NewsTableViewCell.swift in Sources */ = {isa = PBXBuildFile; fileRef = 4B7E77BE2A57E35100C588D0 /* NewsTableViewCell.swift */; };
/* End PBXBuildFile section */

/* Begin PBXContainerItemProxy section */
		4B7E77A02A57CAF700C588D0 /* PBXContainerItemProxy */ = {
			isa = PBXContainerItemProxy;
			containerPortal = 4B7E77812A57CAF600C588D0 /* Project object */;
			proxyType = 1;
			remoteGlobalIDString = 4B7E77882A57CAF600C588D0;
			remoteInfo = NewsApp;
		};
		4B7E77AA2A57CAF700C588D0 /* PBXContainerItemProxy */ = {
			isa = PBXContainerItemProxy;
			containerPortal = 4B7E77812A57CAF600C588D0 /* Project object */;
			proxyType = 1;
			remoteGlobalIDString = 4B7E77882A57CAF600C588D0;
			remoteInfo = NewsApp;
		};
/* End PBXContainerItemProxy section */

/* Begin PBXFileReference section */
		4B7E77892A57CAF600C588D0 /* NewsApp.app */ = {isa = PBXFileReference; explicitFileType = wrapper.application; includeInIndex = 0; path = NewsApp.app; sourceTree = BUILT_PRODUCTS_DIR; };
		4B7E778C2A57CAF600C588D0 /* AppDelegate.swift */ = {isa = PBXFileReference; lastKnownFileType = sourcecode.swift; path = AppDelegate.swift; sourceTree = "<group>"; };
		4B7E778E2A57CAF600C588D0 /* SceneDelegate.swift */ = {isa = PBXFileReference; lastKnownFileType = sourcecode.swift; path = SceneDelegate.swift; sourceTree = "<group>"; };
		4B7E77902A57CAF600C588D0 /* ViewController.swift */ = {isa = PBXFileReference; lastKnownFileType = sourcecode.swift; path = ViewController.swift; sourceTree = "<group>"; };
		4B7E77932A57CAF600C588D0 /* Base */ = {isa = PBXFileReference; lastKnownFileType = file.storyboard; name = Base; path = Base.lproj/Main.storyboard; sourceTree = "<group>"; };
		4B7E77952A57CAF700C588D0 /* Assets.xcassets */ = {isa = PBXFileReference; lastKnownFileType = folder.assetcatalog; path = Assets.xcassets; sourceTree = "<group>"; };
		4B7E77982A57CAF700C588D0 /* Base */ = {isa = PBXFileReference; lastKnownFileType = file.storyboard; name = Base; path = Base.lproj/LaunchScreen.storyboard; sourceTree = "<group>"; };
		4B7E779A2A57CAF700C588D0 /* Info.plist */ = {isa = PBXFileReference; lastKnownFileType = text.plist.xml; path = Info.plist; sourceTree = "<group>"; };
		4B7E779F2A57CAF700C588D0 /* NewsAppTests.xctest */ = {isa = PBXFileReference; explicitFileType = wrapper.cfbundle; includeInIndex = 0; path = NewsAppTests.xctest; sourceTree = BUILT_PRODUCTS_DIR; };
		4B7E77A32A57CAF700C588D0 /* NewsAppTests.swift */ = {isa = PBXFileReference; lastKnownFileType = sourcecode.swift; path = NewsAppTests.swift; sourceTree = "<group>"; };
		4B7E77A92A57CAF700C588D0 /* NewsAppUITests.xctest */ = {isa = PBXFileReference; explicitFileType = wrapper.cfbundle; includeInIndex = 0; path = NewsAppUITests.xctest; sourceTree = BUILT_PRODUCTS_DIR; };
		4B7E77AD2A57CAF700C588D0 /* NewsAppUITests.swift */ = {isa = PBXFileReference; lastKnownFileType = sourcecode.swift; path = NewsAppUITests.swift; sourceTree = "<group>"; };
		4B7E77AF2A57CAF700C588D0 /* NewsAppUITestsLaunchTests.swift */ = {isa = PBXFileReference; lastKnownFileType = sourcecode.swift; path = NewsAppUITestsLaunchTests.swift; sourceTree = "<group>"; };
		4B7E77BC2A57CDB000C588D0 /* APICaller.swift */ = {isa = PBXFileReference; lastKnownFileType = sourcecode.swift; path = APICaller.swift; sourceTree = "<group>"; };
		4B7E77BE2A57E35100C588D0 /* NewsTableViewCell.swift */ = {isa = PBXFileReference; lastKnownFileType = sourcecode.swift; path = NewsTableViewCell.swift; sourceTree = "<group>"; };
		4B7E77C02A58829100C588D0 /* Readme.md */ = {isa = PBXFileReference; lastKnownFileType = net.daringfireball.markdown; path = Readme.md; sourceTree = "<group>"; };
/* End PBXFileReference section */

/* Begin PBXFrameworksBuildPhase section */
		4B7E77862A57CAF600C588D0 /* Frameworks */ = {
			isa = PBXFrameworksBuildPhase;
			buildActionMask = 2147483647;
			files = (
			);
			runOnlyForDeploymentPostprocessing = 0;
		};
		4B7E779C2A57CAF700C588D0 /* Frameworks */ = {
			isa = PBXFrameworksBuildPhase;
			buildActionMask = 2147483647;
			files = (
			);
			runOnlyForDeploymentPostprocessing = 0;
		};
		4B7E77A62A57CAF700C588D0 /* Frameworks */ = {
			isa = PBXFrameworksBuildPhase;
			buildActionMask = 2147483647;
			files = (
			);
			runOnlyForDeploymentPostprocessing = 0;
		};
/* End PBXFrameworksBuildPhase section */

/* Begin PBXGroup section */
		4B7E77802A57CAF600C588D0 = {
			isa = PBXGroup;
			children = (
				4B7E778B2A57CAF600C588D0 /* NewsApp */,
				4B7E77A22A57CAF700C588D0 /* NewsAppTests */,
				4B7E77AC2A57CAF700C588D0 /* NewsAppUITests */,
				4B7E778A2A57CAF600C588D0 /* Products */,
			);
			sourceTree = "<group>";
		};
		4B7E778A2A57CAF600C588D0 /* Products */ = {
			isa = PBXGroup;
			children = (
				4B7E77892A57CAF600C588D0 /* NewsApp.app */,
				4B7E779F2A57CAF700C588D0 /* NewsAppTests.xctest */,
				4B7E77A92A57CAF700C588D0 /* NewsAppUITests.xctest */,
			);
			name = Products;
			sourceTree = "<group>";
		};
		4B7E778B2A57CAF600C588D0 /* NewsApp */ = {
			isa = PBXGroup;
			children = (
				4B7E778C2A57CAF600C588D0 /* AppDelegate.swift */,
				4B7E778E2A57CAF600C588D0 /* SceneDelegate.swift */,
				4B7E77902A57CAF600C588D0 /* ViewController.swift */,
				4B7E77922A57CAF600C588D0 /* Main.storyboard */,
				4B7E77952A57CAF700C588D0 /* Assets.xcassets */,
				4B7E77972A57CAF700C588D0 /* LaunchScreen.storyboard */,
				4B7E779A2A57CAF700C588D0 /* Info.plist */,
				4B7E77BC2A57CDB000C588D0 /* APICaller.swift */,
				4B7E77BE2A57E35100C588D0 /* NewsTableViewCell.swift */,
				4B7E77C02A58829100C588D0 /* Readme.md */,
			);
			path = NewsApp;
			sourceTree = "<group>";
		};
		4B7E77A22A57CAF700C588D0 /* NewsAppTests */ = {
			isa = PBXGroup;
			children = (
				4B7E77A32A57CAF700C588D0 /* NewsAppTests.swift */,
			);
			path = NewsAppTests;
			sourceTree = "<group>";
		};
		4B7E77AC2A57CAF700C588D0 /* NewsAppUITests */ = {
			isa = PBXGroup;
			children = (
				4B7E77AD2A57CAF700C588D0 /* NewsAppUITests.swift */,
				4B7E77AF2A57CAF700C588D0 /* NewsAppUITestsLaunchTests.swift */,
			);
			path = NewsAppUITests;
			sourceTree = "<group>";
		};
/* End PBXGroup section */

/* Begin PBXNativeTarget section */
		4B7E77882A57CAF600C588D0 /* NewsApp */ = {
			isa = PBXNativeTarget;
			buildConfigurationList = 4B7E77B32A57CAF700C588D0 /* Build configuration list for PBXNativeTarget "NewsApp" */;
			buildPhases = (
				4B7E77852A57CAF600C588D0 /* Sources */,
				4B7E77862A57CAF600C588D0 /* Frameworks */,
				4B7E77872A57CAF600C588D0 /* Resources */,
			);
			buildRules = (
			);
			dependencies = (
			);
			name = NewsApp;
			productName = NewsApp;
			productReference = 4B7E77892A57CAF600C588D0 /* NewsApp.app */;
			productType = "com.apple.product-type.application";
		};
		4B7E779E2A57CAF700C588D0 /* NewsAppTests */ = {
			isa = PBXNativeTarget;
			buildConfigurationList = 4B7E77B62A57CAF700C588D0 /* Build configuration list for PBXNativeTarget "NewsAppTests" */;
			buildPhases = (
				4B7E779B2A57CAF700C588D0 /* Sources */,
				4B7E779C2A57CAF700C588D0 /* Frameworks */,
				4B7E779D2A57CAF700C588D0 /* Resources */,
			);
			buildRules = (
			);
			dependencies = (
				4B7E77A12A57CAF700C588D0 /* PBXTargetDependency */,
			);
			name = NewsAppTests;
			productName = NewsAppTests;
			productReference = 4B7E779F2A57CAF700C588D0 /* NewsAppTests.xctest */;
			productType = "com.apple.product-type.bundle.unit-test";
		};
		4B7E77A82A57CAF700C588D0 /* NewsAppUITests */ = {
			isa = PBXNativeTarget;
			buildConfigurationList = 4B7E77B92A57CAF700C588D0 /* Build configuration list for PBXNativeTarget "NewsAppUITests" */;
			buildPhases = (
				4B7E77A52A57CAF700C588D0 /* Sources */,
				4B7E77A62A57CAF700C588D0 /* Frameworks */,
				4B7E77A72A57CAF700C588D0 /* Resources */,
			);
			buildRules = (
			);
			dependencies = (
				4B7E77AB2A57CAF700C588D0 /* PBXTargetDependency */,
			);
			name = NewsAppUITests;
			productName = NewsAppUITests;
			productReference = 4B7E77A92A57CAF700C588D0 /* NewsAppUITests.xctest */;
			productType = "com.apple.product-type.bundle.ui-testing";
		};
/* End PBXNativeTarget section */

/* Begin PBXProject section */
		4B7E77812A57CAF600C588D0 /* Project object */ = {
			isa = PBXProject;
			attributes = {
				BuildIndependentTargetsInParallel = 1;
				LastSwiftUpdateCheck = 1430;
				LastUpgradeCheck = 1430;
				TargetAttributes = {
					4B7E77882A57CAF600C588D0 = {
						CreatedOnToolsVersion = 14.3.1;
					};
					4B7E779E2A57CAF700C588D0 = {
						CreatedOnToolsVersion = 14.3.1;
						TestTargetID = 4B7E77882A57CAF600C588D0;
					};
					4B7E77A82A57CAF700C588D0 = {
						CreatedOnToolsVersion = 14.3.1;
						TestTargetID = 4B7E77882A57CAF600C588D0;
					};
				};
			};
			buildConfigurationList = 4B7E77842A57CAF600C588D0 /* Build configuration list for PBXProject "NewsApp" */;
			compatibilityVersion = "Xcode 14.0";
			developmentRegion = en;
			hasScannedForEncodings = 0;
			knownRegions = (
				en,
				Base,
			);
			mainGroup = 4B7E77802A57CAF600C588D0;
			productRefGroup = 4B7E778A2A57CAF600C588D0 /* Products */;
			projectDirPath = "";
			projectRoot = "";
			targets = (
				4B7E77882A57CAF600C588D0 /* NewsApp */,
				4B7E779E2A57CAF700C588D0 /* NewsAppTests */,
				4B7E77A82A57CAF700C588D0 /* NewsAppUITests */,
			);
		};
/* End PBXProject section */

/* Begin PBXResourcesBuildPhase section */
		4B7E77872A57CAF600C588D0 /* Resources */ = {
			isa = PBXResourcesBuildPhase;
			buildActionMask = 2147483647;
			files = (
				4B7E77992A57CAF700C588D0 /* LaunchScreen.storyboard in Resources */,
				4B7E77962A57CAF700C588D0 /* Assets.xcassets in Resources */,
				4B7E77942A57CAF600C588D0 /* Main.storyboard in Resources */,
			);
			runOnlyForDeploymentPostprocessing = 0;
		};
		4B7E779D2A57CAF700C588D0 /* Resources */ = {
			isa = PBXResourcesBuildPhase;
			buildActionMask = 2147483647;
			files = (
			);
			runOnlyForDeploymentPostprocessing = 0;
		};
		4B7E77A72A57CAF700C588D0 /* Resources */ = {
			isa = PBXResourcesBuildPhase;
			buildActionMask = 2147483647;
			files = (
			);
			runOnlyForDeploymentPostprocessing = 0;
		};
/* End PBXResourcesBuildPhase section */

/* Begin PBXSourcesBuildPhase section */
		4B7E77852A57CAF600C588D0 /* Sources */ = {
			isa = PBXSourcesBuildPhase;
			buildActionMask = 2147483647;
			files = (
				4B7E77912A57CAF600C588D0 /* ViewController.swift in Sources */,
				4B7E778D2A57CAF600C588D0 /* AppDelegate.swift in Sources */,
				4B7E77BF2A57E35100C588D0 /* NewsTableViewCell.swift in Sources */,
				4B7E778F2A57CAF600C588D0 /* SceneDelegate.swift in Sources */,
				4B7E77BD2A57CDB000C588D0 /* APICaller.swift in Sources */,
			);
			runOnlyForDeploymentPostprocessing = 0;
		};
		4B7E779B2A57CAF700C588D0 /* Sources */ = {
			isa = PBXSourcesBuildPhase;
			buildActionMask = 2147483647;
			files = (
				4B7E77A42A57CAF700C588D0 /* NewsAppTests.swift in Sources */,
			);
			runOnlyForDeploymentPostprocessing = 0;
		};
		4B7E77A52A57CAF700C588D0 /* Sources */ = {
			isa = PBXSourcesBuildPhase;
			buildActionMask = 2147483647;
			files = (
				4B7E77AE2A57CAF700C588D0 /* NewsAppUITests.swift in Sources */,
				4B7E77B02A57CAF700C588D0 /* NewsAppUITestsLaunchTests.swift in Sources */,
			);
			runOnlyForDeploymentPostprocessing = 0;
		};
/* End PBXSourcesBuildPhase section */

/* Begin PBXTargetDependency section */
		4B7E77A12A57CAF700C588D0 /* PBXTargetDependency */ = {
			isa = PBXTargetDependency;
			target = 4B7E77882A57CAF600C588D0 /* NewsApp */;
			targetProxy = 4B7E77A02A57CAF700C588D0 /* PBXContainerItemProxy */;
		};
		4B7E77AB2A57CAF700C588D0 /* PBXTargetDependency */ = {
			isa = PBXTargetDependency;
			target = 4B7E77882A57CAF600C588D0 /* NewsApp */;
			targetProxy = 4B7E77AA2A57CAF700C588D0 /* PBXContainerItemProxy */;
		};
/* End PBXTargetDependency section */

/* Begin PBXVariantGroup section */
		4B7E77922A57CAF600C588D0 /* Main.storyboard */ = {
			isa = PBXVariantGroup;
			children = (
				4B7E77932A57CAF600C588D0 /* Base */,
			);
			name = Main.storyboard;
			sourceTree = "<group>";
		};
		4B7E77972A57CAF700C588D0 /* LaunchScreen.storyboard */ = {
			isa = PBXVariantGroup;
			children = (
				4B7E77982A57CAF700C588D0 /* Base */,
			);
			name = LaunchScreen.storyboard;
			sourceTree = "<group>";
		};
/* End PBXVariantGroup section */

/* Begin XCBuildConfiguration section */
		4B7E77B12A57CAF700C588D0 /* Debug */ = {
			isa = XCBuildConfiguration;
			buildSettings = {
				ALWAYS_SEARCH_USER_PATHS = NO;
				CLANG_ANALYZER_NONNULL = YES;
				CLANG_ANALYZER_NUMBER_OBJECT_CONVERSION = YES_AGGRESSIVE;
				CLANG_CXX_LANGUAGE_STANDARD = "gnu++20";
				CLANG_ENABLE_MODULES = YES;
				CLANG_ENABLE_OBJC_ARC = YES;
				CLANG_ENABLE_OBJC_WEAK = YES;
				CLANG_WARN_BLOCK_CAPTURE_AUTORELEASING = YES;
				CLANG_WARN_BOOL_CONVERSION = YES;
				CLANG_WARN_COMMA = YES;
				CLANG_WARN_CONSTANT_CONVERSION = YES;
				CLANG_WARN_DEPRECATED_OBJC_IMPLEMENTATIONS = YES;
				CLANG_WARN_DIRECT_OBJC_ISA_USAGE = YES_ERROR;
				CLANG_WARN_DOCUMENTATION_COMMENTS = YES;
				CLANG_WARN_EMPTY_BODY = YES;
				CLANG_WARN_ENUM_CONVERSION = YES;
				CLANG_WARN_INFINITE_RECURSION = YES;
				CLANG_WARN_INT_CONVERSION = YES;
				CLANG_WARN_NON_LITERAL_NULL_CONVERSION = YES;
				CLANG_WARN_OBJC_IMPLICIT_RETAIN_SELF = YES;
				CLANG_WARN_OBJC_LITERAL_CONVERSION = YES;
				CLANG_WARN_OBJC_ROOT_CLASS = YES_ERROR;
				CLANG_WARN_QUOTED_INCLUDE_IN_FRAMEWORK_HEADER = YES;
				CLANG_WARN_RANGE_LOOP_ANALYSIS = YES;
				CLANG_WARN_STRICT_PROTOTYPES = YES;
				CLANG_WARN_SUSPICIOUS_MOVE = YES;
				CLANG_WARN_UNGUARDED_AVAILABILITY = YES_AGGRESSIVE;
				CLANG_WARN_UNREACHABLE_CODE = YES;
				CLANG_WARN__DUPLICATE_METHOD_MATCH = YES;
				COPY_PHASE_STRIP = NO;
				DEBUG_INFORMATION_FORMAT = dwarf;
				ENABLE_STRICT_OBJC_MSGSEND = YES;
				ENABLE_TESTABILITY = YES;
				GCC_C_LANGUAGE_STANDARD = gnu11;
				GCC_DYNAMIC_NO_PIC = NO;
				GCC_NO_COMMON_BLOCKS = YES;
				GCC_OPTIMIZATION_LEVEL = 0;
				GCC_PREPROCESSOR_DEFINITIONS = (
					"DEBUG=1",
					"$(inherited)",
				);
				GCC_WARN_64_TO_32_BIT_CONVERSION = YES;
				GCC_WARN_ABOUT_RETURN_TYPE = YES_ERROR;
				GCC_WARN_UNDECLARED_SELECTOR = YES;
				GCC_WARN_UNINITIALIZED_AUTOS = YES_AGGRESSIVE;
				GCC_WARN_UNUSED_FUNCTION = YES;
				GCC_WARN_UNUSED_VARIABLE = YES;
				IPHONEOS_DEPLOYMENT_TARGET = 16.4;
				MTL_ENABLE_DEBUG_INFO = INCLUDE_SOURCE;
				MTL_FAST_MATH = YES;
				ONLY_ACTIVE_ARCH = YES;
				SDKROOT = iphoneos;
				SWIFT_ACTIVE_COMPILATION_CONDITIONS = DEBUG;
				SWIFT_OPTIMIZATION_LEVEL = "-Onone";
			};
			name = Debug;
		};
		4B7E77B22A57CAF700C588D0 /* Release */ = {
			isa = XCBuildConfiguration;
			buildSettings = {
				ALWAYS_SEARCH_USER_PATHS = NO;
				CLANG_ANALYZER_NONNULL = YES;
				CLANG_ANALYZER_NUMBER_OBJECT_CONVERSION = YES_AGGRESSIVE;
				CLANG_CXX_LANGUAGE_STANDARD = "gnu++20";
				CLANG_ENABLE_MODULES = YES;
				CLANG_ENABLE_OBJC_ARC = YES;
				CLANG_ENABLE_OBJC_WEAK = YES;
				CLANG_WARN_BLOCK_CAPTURE_AUTORELEASING = YES;
				CLANG_WARN_BOOL_CONVERSION = YES;
				CLANG_WARN_COMMA = YES;
				CLANG_WARN_CONSTANT_CONVERSION = YES;
				CLANG_WARN_DEPRECATED_OBJC_IMPLEMENTATIONS = YES;
				CLANG_WARN_DIRECT_OBJC_ISA_USAGE = YES_ERROR;
				CLANG_WARN_DOCUMENTATION_COMMENTS = YES;
				CLANG_WARN_EMPTY_BODY = YES;
				CLANG_WARN_ENUM_CONVERSION = YES;
				CLANG_WARN_INFINITE_RECURSION = YES;
				CLANG_WARN_INT_CONVERSION = YES;
				CLANG_WARN_NON_LITERAL_NULL_CONVERSION = YES;
				CLANG_WARN_OBJC_IMPLICIT_RETAIN_SELF = YES;
				CLANG_WARN_OBJC_LITERAL_CONVERSION = YES;
				CLANG_WARN_OBJC_ROOT_CLASS = YES_ERROR;
				CLANG_WARN_QUOTED_INCLUDE_IN_FRAMEWORK_HEADER = YES;
				CLANG_WARN_RANGE_LOOP_ANALYSIS = YES;
				CLANG_WARN_STRICT_PROTOTYPES = YES;
				CLANG_WARN_SUSPICIOUS_MOVE = YES;
				CLANG_WARN_UNGUARDED_AVAILABILITY = YES_AGGRESSIVE;
				CLANG_WARN_UNREACHABLE_CODE = YES;
				CLANG_WARN__DUPLICATE_METHOD_MATCH = YES;
				COPY_PHASE_STRIP = NO;
				DEBUG_INFORMATION_FORMAT = "dwarf-with-dsym";
				ENABLE_NS_ASSERTIONS = NO;
				ENABLE_STRICT_OBJC_MSGSEND = YES;
				GCC_C_LANGUAGE_STANDARD = gnu11;
				GCC_NO_COMMON_BLOCKS = YES;
				GCC_WARN_64_TO_32_BIT_CONVERSION = YES;
				GCC_WARN_ABOUT_RETURN_TYPE = YES_ERROR;
				GCC_WARN_UNDECLARED_SELECTOR = YES;
				GCC_WARN_UNINITIALIZED_AUTOS = YES_AGGRESSIVE;
				GCC_WARN_UNUSED_FUNCTION = YES;
				GCC_WARN_UNUSED_VARIABLE = YES;
				IPHONEOS_DEPLOYMENT_TARGET = 16.4;
				MTL_ENABLE_DEBUG_INFO = NO;
				MTL_FAST_MATH = YES;
				SDKROOT = iphoneos;
				SWIFT_COMPILATION_MODE = wholemodule;
				SWIFT_OPTIMIZATION_LEVEL = "-O";
				VALIDATE_PRODUCT = YES;
			};
			name = Release;
		};
		4B7E77B42A57CAF700C588D0 /* Debug */ = {
			isa = XCBuildConfiguration;
			buildSettings = {
				ASSETCATALOG_COMPILER_APPICON_NAME = AppIcon;
				ASSETCATALOG_COMPILER_GLOBAL_ACCENT_COLOR_NAME = AccentColor;
				CODE_SIGN_STYLE = Automatic;
				CURRENT_PROJECT_VERSION = 1;
				GENERATE_INFOPLIST_FILE = YES;
				INFOPLIST_FILE = NewsApp/Info.plist;
				INFOPLIST_KEY_UIApplicationSupportsIndirectInputEvents = YES;
				INFOPLIST_KEY_UILaunchStoryboardName = LaunchScreen;
				INFOPLIST_KEY_UIMainStoryboardFile = Main;
				INFOPLIST_KEY_UISupportedInterfaceOrientations_iPad = "UIInterfaceOrientationPortrait UIInterfaceOrientationPortraitUpsideDown UIInterfaceOrientationLandscapeLeft UIInterfaceOrientationLandscapeRight";
				INFOPLIST_KEY_UISupportedInterfaceOrientations_iPhone = "UIInterfaceOrientationPortrait UIInterfaceOrientationLandscapeLeft UIInterfaceOrientationLandscapeRight";
				LD_RUNPATH_SEARCH_PATHS = (
					"$(inherited)",
					"@executable_path/Frameworks",
				);
				MARKETING_VERSION = 1.0;
				PRODUCT_BUNDLE_IDENTIFIER = KM.NewsApp;
				PRODUCT_NAME = "$(TARGET_NAME)";
				SWIFT_EMIT_LOC_STRINGS = YES;
				SWIFT_VERSION = 5.0;
				TARGETED_DEVICE_FAMILY = "1,2";
			};
			name = Debug;
		};
		4B7E77B52A57CAF700C588D0 /* Release */ = {
			isa = XCBuildConfiguration;
			buildSettings = {
				ASSETCATALOG_COMPILER_APPICON_NAME = AppIcon;
				ASSETCATALOG_COMPILER_GLOBAL_ACCENT_COLOR_NAME = AccentColor;
				CODE_SIGN_STYLE = Automatic;
				CURRENT_PROJECT_VERSION = 1;
				GENERATE_INFOPLIST_FILE = YES;
				INFOPLIST_FILE = NewsApp/Info.plist;
				INFOPLIST_KEY_UIApplicationSupportsIndirectInputEvents = YES;
				INFOPLIST_KEY_UILaunchStoryboardName = LaunchScreen;
				INFOPLIST_KEY_UIMainStoryboardFile = Main;
				INFOPLIST_KEY_UISupportedInterfaceOrientations_iPad = "UIInterfaceOrientationPortrait UIInterfaceOrientationPortraitUpsideDown UIInterfaceOrientationLandscapeLeft UIInterfaceOrientationLandscapeRight";
				INFOPLIST_KEY_UISupportedInterfaceOrientations_iPhone = "UIInterfaceOrientationPortrait UIInterfaceOrientationLandscapeLeft UIInterfaceOrientationLandscapeRight";
				LD_RUNPATH_SEARCH_PATHS = (
					"$(inherited)",
					"@executable_path/Frameworks",
				);
				MARKETING_VERSION = 1.0;
				PRODUCT_BUNDLE_IDENTIFIER = KM.NewsApp;
				PRODUCT_NAME = "$(TARGET_NAME)";
				SWIFT_EMIT_LOC_STRINGS = YES;
				SWIFT_VERSION = 5.0;
				TARGETED_DEVICE_FAMILY = "1,2";
			};
			name = Release;
		};
		4B7E77B72A57CAF700C588D0 /* Debug */ = {
			isa = XCBuildConfiguration;
			buildSettings = {
				ALWAYS_EMBED_SWIFT_STANDARD_LIBRARIES = YES;
				BUNDLE_LOADER = "$(TEST_HOST)";
				CODE_SIGN_STYLE = Automatic;
				CURRENT_PROJECT_VERSION = 1;
				GENERATE_INFOPLIST_FILE = YES;
				IPHONEOS_DEPLOYMENT_TARGET = 16.4;
				MARKETING_VERSION = 1.0;
				PRODUCT_BUNDLE_IDENTIFIER = KM.NewsAppTests;
				PRODUCT_NAME = "$(TARGET_NAME)";
				SWIFT_EMIT_LOC_STRINGS = NO;
				SWIFT_VERSION = 5.0;
				TARGETED_DEVICE_FAMILY = "1,2";
				TEST_HOST = "$(BUILT_PRODUCTS_DIR)/NewsApp.app/$(BUNDLE_EXECUTABLE_FOLDER_PATH)/NewsApp";
			};
			name = Debug;
		};
		4B7E77B82A57CAF700C588D0 /* Release */ = {
			isa = XCBuildConfiguration;
			buildSettings = {
				ALWAYS_EMBED_SWIFT_STANDARD_LIBRARIES = YES;
				BUNDLE_LOADER = "$(TEST_HOST)";
				CODE_SIGN_STYLE = Automatic;
				CURRENT_PROJECT_VERSION = 1;
				GENERATE_INFOPLIST_FILE = YES;
				IPHONEOS_DEPLOYMENT_TARGET = 16.4;
				MARKETING_VERSION = 1.0;
				PRODUCT_BUNDLE_IDENTIFIER = KM.NewsAppTests;
				PRODUCT_NAME = "$(TARGET_NAME)";
				SWIFT_EMIT_LOC_STRINGS = NO;
				SWIFT_VERSION = 5.0;
				TARGETED_DEVICE_FAMILY = "1,2";
				TEST_HOST = "$(BUILT_PRODUCTS_DIR)/NewsApp.app/$(BUNDLE_EXECUTABLE_FOLDER_PATH)/NewsApp";
			};
			name = Release;
		};
		4B7E77BA2A57CAF700C588D0 /* Debug */ = {
			isa = XCBuildConfiguration;
			buildSettings = {
				ALWAYS_EMBED_SWIFT_STANDARD_LIBRARIES = YES;
				CODE_SIGN_STYLE = Automatic;
				CURRENT_PROJECT_VERSION = 1;
				GENERATE_INFOPLIST_FILE = YES;
				MARKETING_VERSION = 1.0;
				PRODUCT_BUNDLE_IDENTIFIER = KM.NewsAppUITests;
				PRODUCT_NAME = "$(TARGET_NAME)";
				SWIFT_EMIT_LOC_STRINGS = NO;
				SWIFT_VERSION = 5.0;
				TARGETED_DEVICE_FAMILY = "1,2";
				TEST_TARGET_NAME = NewsApp;
			};
			name = Debug;
		};
		4B7E77BB2A57CAF700C588D0 /* Release */ = {
			isa = XCBuildConfiguration;
			buildSettings = {
				ALWAYS_EMBED_SWIFT_STANDARD_LIBRARIES = YES;
				CODE_SIGN_STYLE = Automatic;
				CURRENT_PROJECT_VERSION = 1;
				GENERATE_INFOPLIST_FILE = YES;
				MARKETING_VERSION = 1.0;
				PRODUCT_BUNDLE_IDENTIFIER = KM.NewsAppUITests;
				PRODUCT_NAME = "$(TARGET_NAME)";
				SWIFT_EMIT_LOC_STRINGS = NO;
				SWIFT_VERSION = 5.0;
				TARGETED_DEVICE_FAMILY = "1,2";
				TEST_TARGET_NAME = NewsApp;
			};
			name = Release;
		};
/* End XCBuildConfiguration section */

/* Begin XCConfigurationList section */
		4B7E77842A57CAF600C588D0 /* Build configuration list for PBXProject "NewsApp" */ = {
			isa = XCConfigurationList;
			buildConfigurations = (
				4B7E77B12A57CAF700C588D0 /* Debug */,
				4B7E77B22A57CAF700C588D0 /* Release */,
			);
			defaultConfigurationIsVisible = 0;
			defaultConfigurationName = Release;
		};
		4B7E77B32A57CAF700C588D0 /* Build configuration list for PBXNativeTarget "NewsApp" */ = {
			isa = XCConfigurationList;
			buildConfigurations = (
				4B7E77B42A57CAF700C588D0 /* Debug */,
				4B7E77B52A57CAF700C588D0 /* Release */,
			);
			defaultConfigurationIsVisible = 0;
			defaultConfigurationName = Release;
		};
		4B7E77B62A57CAF700C588D0 /* Build configuration list for PBXNativeTarget "NewsAppTests" */ = {
			isa = XCConfigurationList;
			buildConfigurations = (
				4B7E77B72A57CAF700C588D0 /* Debug */,
				4B7E77B82A57CAF700C588D0 /* Release */,
			);
			defaultConfigurationIsVisible = 0;
			defaultConfigurationName = Release;
		};
		4B7E77B92A57CAF700C588D0 /* Build configuration list for PBXNativeTarget "NewsAppUITests" */ = {
			isa = XCConfigurationList;
			buildConfigurations = (
				4B7E77BA2A57CAF700C588D0 /* Debug */,
				4B7E77BB2A57CAF700C588D0 /* Release */,
			);
			defaultConfigurationIsVisible = 0;
			defaultConfigurationName = Release;
		};
/* End XCConfigurationList section */
	};
	rootObject = 4B7E77812A57CAF600C588D0 /* Project object */;
}
